<?xml version="1.0" encoding="utf-8"?>
<Project ToolsVersion="17.0" xmlns="http://schemas.microsoft.com/developer/msbuild/2003">
  <ItemGroup>
    <ClCompile Include="C:\Users\User\source\repos\NetologyCpp\CPP_Advanced\Lesson_04\Task_01\test-main.cpp">
      <Filter>Source Files</Filter>
    </ClCompile>
    <ClCompile Include="C:\Users\User\source\repos\NetologyCpp\CPP_Advanced\Lesson_04\Task_01\ListNode.cpp">
      <Filter>Source Files</Filter>
    </ClCompile>
    <ClCompile Include="C:\Users\User\source\repos\NetologyCpp\CPP_Advanced\Lesson_04\Task_01\List.cpp">
      <Filter>Source Files</Filter>
    </ClCompile>
  </ItemGroup>
  <ItemGroup>
    <ClInclude Include="C:\Users\User\source\repos\NetologyCpp\CPP_Advanced\Lesson_04\Task_01\ListNode.hpp">
      <Filter>Header Files</Filter>
    </ClInclude>
    <ClInclude Include="C:\Users\User\source\repos\NetologyCpp\CPP_Advanced\Lesson_04\Task_01\List.hpp">
      <Filter>Header Files</Filter>
    </ClInclude>
  </ItemGroup>
  <ItemGroup>
    <CustomBuild Include="C:\Users\User\source\repos\NetologyCpp\CPP_Advanced\Lesson_04\Task_01\CMakeLists.txt" />
  </ItemGroup>
  <ItemGroup>
    <Filter Include="Header Files">
      <UniqueIdentifier>{74300162-AD1F-313E-91B0-C61FC76DD2D7}</UniqueIdentifier>
    </Filter>
    <Filter Include="Source Files">
      <UniqueIdentifier>{724B38B7-60C4-30BD-B462-15E4346205BB}</UniqueIdentifier>
    </Filter>
  </ItemGroup>
</Project>
