<?xml version="1.0" encoding="utf-8"?>
<Project ToolsVersion="17.0" xmlns="http://schemas.microsoft.com/developer/msbuild/2003">
  <ItemGroup>
    <ClCompile Include="C:\Users\User\source\repos\NetologyCpp\CPP_Advanced\Lesson_04\Catch2\src\catch2\internal\catch_main.cpp">
      <Filter>Source Files</Filter>
    </ClCompile>
  </ItemGroup>
  <ItemGroup>
    <CustomBuild Include="C:\Users\User\source\repos\NetologyCpp\CPP_Advanced\Lesson_04\Catch2\src\CMakeLists.txt" />
  </ItemGroup>
  <ItemGroup>
    <Filter Include="Source Files">
      <UniqueIdentifier>{724B38B7-60C4-30BD-B462-15E4346205BB}</UniqueIdentifier>
    </Filter>
  </ItemGroup>
</Project>
